
Microsoft Visual Studio Solution File, Format Version 12.00
# Visual Studio Version 17
VisualStudioVersion = 17.8.34408.163
MinimumVisualStudioVersion = 10.0.40219.1
Project("{9A19103F-16F7-4668-BE54-9A1E7A4F7556}") = "SoccerManager", "SoccerManager\SoccerManager.csproj", "{961992AF-12C9-4397-8C36-760D59451B8F}"
EndProject
Project("{9A19103F-16F7-4668-BE54-9A1E7A4F7556}") = "SoccerManagerTests", "SoccerManagerTest\SoccerManagerTests.csproj", "{ECAD9683-E97C-4401-9298-E358A6F2E750}"
EndProject
Global
	GlobalSection(SolutionConfigurationPlatforms) = preSolution
		Debug|Any CPU = Debug|Any CPU
		Release|Any CPU = Release|Any CPU
	EndGlobalSection
	GlobalSection(ProjectConfigurationPlatforms) = postSolution
		{961992AF-12C9-4397-8C36-760D59451B8F}.Debug|Any CPU.ActiveCfg = Debug|Any CPU
		{961992AF-12C9-4397-8C36-760D59451B8F}.Debug|Any CPU.Build.0 = Debug|Any CPU
		{961992AF-12C9-4397-8C36-760D59451B8F}.Release|Any CPU.ActiveCfg = Release|Any CPU
		{961992AF-12C9-4397-8C36-760D59451B8F}.Release|Any CPU.Build.0 = Release|Any CPU
		{ECAD9683-E97C-4401-9298-E358A6F2E750}.Debug|Any CPU.ActiveCfg = Debug|Any CPU
		{ECAD9683-E97C-4401-9298-E358A6F2E750}.Debug|Any CPU.Build.0 = Debug|Any CPU
		{ECAD9683-E97C-4401-9298-E358A6F2E750}.Release|Any CPU.ActiveCfg = Release|Any CPU
		{ECAD9683-E97C-4401-9298-E358A6F2E750}.Release|Any CPU.Build.0 = Release|Any CPU
	EndGlobalSection
	GlobalSection(SolutionProperties) = preSolution
		HideSolutionNode = FALSE
	EndGlobalSection
	GlobalSection(ExtensibilityGlobals) = postSolution
		SolutionGuid = {3776BB74-ED6E-4DD9-B62F-BA056B3C06F0}
	EndGlobalSection
EndGlobal
